
Microsoft Visual Studio Solution File, Format Version 12.00
# Visual Studio Version 17
VisualStudioVersion = 17.9.34723.18
MinimumVisualStudioVersion = 10.0.40219.1
Project("{FAE04EC0-301F-11D3-BF4B-00C04F79EFBC}") = "ComputerRepairService", "ComputerRepairService\ComputerRepairService.csproj", "{4AF6F426-5934-4970-BB24-732775E9F4BF}"
EndProject
Global
	GlobalSection(SolutionConfigurationPlatforms) = preSolution
		Debug|Any CPU = Debug|Any CPU
		Release|Any CPU = Release|Any CPU
	EndGlobalSection
	GlobalSection(ProjectConfigurationPlatforms) = postSolution
		{4AF6F426-5934-4970-BB24-732775E9F4BF}.Debug|Any CPU.ActiveCfg = Debug|Any CPU
		{4AF6F426-5934-4970-BB24-732775E9F4BF}.Debug|Any CPU.Build.0 = Debug|Any CPU
		{4AF6F426-5934-4970-BB24-732775E9F4BF}.Release|Any CPU.ActiveCfg = Release|Any CPU
		{4AF6F426-5934-4970-BB24-732775E9F4BF}.Release|Any CPU.Build.0 = Release|Any CPU
	EndGlobalSection
	GlobalSection(SolutionProperties) = preSolution
		HideSolutionNode = FALSE
	EndGlobalSection
	GlobalSection(ExtensibilityGlobals) = postSolution
		SolutionGuid = {0751660C-837A-425A-8BED-350D94C76D73}
	EndGlobalSection
EndGlobal
